{
  "$schema": "../schemas/packages-lock-v1.schema.json",
  "formatVersion": 1,
  "generatedAt": "2026-08-28",
  "runtime": {
    "pi": "0.84.3",
    "node": "25.8.0",
    "platform": "darwin-arm64"
  },
  "policy": {
    "requireExactNpmVersion": true,
    "allowOldMarioScope": false,
    "allowUnreviewedPackages": false,
    "oneOwnerPerGroup": {
      "memory": true,
      "mcp": true,
      "subagents": true,
      "ui": true,
      "permission": true,
      "renderer": true,
      "footer": true,
      "editor": true
    },
    "defaultNetwork": "deny-unless-profile",
    "defaultCredentials": "never-from-repository"
  },
  "packages": [
    {
      "id": "plan-mode",
      "spec": "npm:@narumitw/pi-plan-mode@0.55.2",
      "scope": "global",
      "installed": true,
      "review": "stable-m10",
      "owners": ["planning"],
      "risk": ["extension-policy"],
      "notes": "Retained as an external user package for raw Pi compatibility. Direct omp disables ambient extension discovery and uses its first-party /plan owner instead.",
      "audit": {
        "date": "2026-08-28",
        "integrity": "sha512-JRovIOp8tYMj4WpqMyLVrNaL9oyvE0hlaTSPjAHF1HUN17fmne3dch854FVyUR5LVe9jVoIpERTrs4ZP5vcUzQ==",
        "lifecycle": { "execution": "disabled", "scripts": [{ "name": "prepack", "commandSha256": "sha256:16c0e4305ac213dff39fc82b69b6e08aeeb8758e33cd72d7c409752a70e9f054", "necessity": "not-required" }] }
      }
    },
    {
      "id": "agent-extensions",
      "spec": "npm:pi-agent-extensions@0.5.4",
      "scope": "global",
      "installed": true,
      "review": "stable-m10-filtered",
      "owners": ["sessions", "context", "review", "notify"],
      "resourceFilter": [
        "extensions/sessions/index.ts",
        "extensions/context/index.ts",
        "extensions/review/index.ts",
        "extensions/notify/index.ts"
      ],
      "risk": ["extension-code"],
      "notes": "Other resources remain installed but are not auto-loaded.",
      "audit": {
        "date": "2026-08-28",
        "integrity": "sha512-sMosSp4VHLldOJUxYvcDIThNgx1y0swtqM0vV7kld8nj7T4a0JgUVfS1ticsDZoBcKVLxD+POHFrzlxQ5gDsGQ==",
        "lifecycle": { "execution": "disabled", "scripts": [] }
      }
    },
    {
      "id": "web-access",
      "spec": "npm:pi-web-access@0.25.0",
      "scope": "global",
      "installed": true,
      "review": "stable-m10-confirmed-network",
      "owners": ["web"],
      "risk": ["network", "third-party-data", "browser-cookie-opt-in"],
      "notes": "Daily may use public Web only after per-run confirmation; browser cookies stay disabled.",
      "audit": {
        "date": "2026-08-28",
        "integrity": "sha512-DYOEIMEPwpC6pHElexBy3XuaYPnfMxH0ZBaGrILFsLNQzhhHJ3kJLrCQU4fnKXYXV6OEwxsLt2pBP76koK4hHg==",
        "lifecycle": { "execution": "disabled", "scripts": [] }
      }
    },
    {
      "id": "subagents",
      "spec": "npm:pi-subagents@0.57.0",
      "scope": "global",
      "installed": true,
      "review": "stable-m10-readonly-budgeted",
      "owners": ["subagents"],
      "risk": ["child-process", "filesystem-inheritance", "cost"],
      "notes": "Direct daily sessions use one physical runtime: read-only depth-one scouts plus at most one session-approved managed-clone implementer and a fresh read-only reviewer.",
      "audit": {
        "date": "2026-08-28",
        "integrity": "sha512-CvsOBp61dZU+HV3kHdfFc+iBuO9DOI5nvTiGrSaFVpH7XK5/22QbBAdjcrhOjcSzA5Ev3l0Qr/JC1I8VLES9Bw==",
        "lifecycle": { "execution": "disabled", "scripts": [] }
      }
    },
    {
      "id": "permission-modes",
      "spec": "npm:pi-permission-modes@2.2.0",
      "scope": "global",
      "installed": true,
      "review": "baseline-conservative",
      "owners": ["permission"],
      "risk": ["conditional-bash-sandbox", "degraded-prompt-fallback", "not-whole-session-isolation"],
      "notes": "Provides conditional Bash isolation through @anthropic-ai/sandbox-runtime plus protected-path policy. Direct omp starts Build mode, hides mutation tools until session approval, and revokes its grant if YOLO is selected. Never infer file, Web, MCP, Provider, extension, or whole-session isolation; the package remains external and user owned.",
      "audit": {
        "date": "2026-08-16",
        "integrity": "sha512-y4n110DiN99xl2tyLLU7ZyMadZUOYvxm9YKEpoZo2vFF4QJIgV7RKBAI6KztaRayAWPhA+95FdIBcV0He8vyfw==",
        "lifecycle": {
          "execution": "disabled",
          "scripts": [
            {
              "name": "postinstall",
              "commandSha256": "sha256:2339ab6db8e67f0e2c8616f1fb3c57c972942ba15776090acd4fbefce4f33338",
              "necessity": "not-required"
            }
          ]
        }
      }
    },
    {
      "id": "lsp",
      "spec": "npm:@narumitw/pi-lsp@0.49.6",
      "scope": "global",
      "installed": true,
      "review": "stable-m10",
      "owners": ["lsp"],
      "risk": ["local-language-server"],
      "notes": "Install language servers per project and language.",
      "audit": {
        "date": "2026-08-28",
        "integrity": "sha512-ElqBaVyOCF8U4nkdOAxqvU560DsHZwwCm9Riy7He3bFhTsAzjuuXEGaoMYS0fdZCL16Y8heu2L5O1Cgv8SpDFw==",
        "lifecycle": { "execution": "disabled", "scripts": [{ "name": "prepack", "commandSha256": "sha256:16c0e4305ac213dff39fc82b69b6e08aeeb8758e33cd72d7c409752a70e9f054", "necessity": "not-required" }] }
      }
    },
    {
      "id": "usage",
      "spec": "npm:@sreetej510/pi-usage@0.7.1",
      "scope": "global",
      "installed": true,
      "review": "stable-m10-observability",
      "owners": ["usage"],
      "risk": ["usage-data"],
      "notes": "Validate after a real Provider/model call.",
      "audit": {
        "date": "2026-08-28",
        "integrity": "sha512-EtVHgahbFL+LcpFve7Ln+RfR9kbm4Wv9YjQsGtfbz67n1pzPa+gMZ4u88YCZ7Lp04/OuHnZNKdmxlzjlrQ3Jig==",
        "lifecycle": { "execution": "disabled", "scripts": [] }
      }
    },
    {
      "id": "memory",
      "spec": "npm:pi-memory@0.4.1",
      "scope": "global",
      "installed": true,
      "review": "baseline-single-memory",
      "owners": ["memory"],
      "risk": ["persistent-context", "sensitive-data"],
      "notes": "Do not stack with observational-memory or context-mode.",
      "audit": {
        "date": "2026-08-16",
        "integrity": "sha512-p5h32q3LO9wy2g8DM7uQZl+0NnhZfaU+qyDQhEExD1fAYC9tf2tYZ5OQuh756tfaxEw3DONsT5zEHG9xB/Gg+g==",
        "lifecycle": {
          "execution": "disabled",
          "scripts": [
            {
              "name": "postinstall",
              "commandSha256": "sha256:9fb2978bb4dfeb2719e77a68d657788c06408485f81390b06d29dcb33176994f",
              "necessity": "not-required"
            }
          ]
        }
      }
    },
    {
      "id": "git-sync",
      "spec": "npm:pi-git-sync@0.1.3",
      "scope": "global",
      "installed": true,
      "review": "baseline-allowlisted-sync",
      "owners": ["sync"],
      "risk": ["configuration-exfiltration"],
      "notes": "Sync only reviewed repository resources; never auth, sessions, caches, or secrets.",
      "audit": {
        "date": "2026-08-16",
        "integrity": "sha512-/kc/ZyD/St2SP8C4c7RMHPRirbKI/Tm3lx3gjf1L5RfGkmHZ7ww+BZfM7gW8p04fnxK6JLpOQUXMtCgUWXAeAA==",
        "lifecycle": { "execution": "disabled", "scripts": [] }
      }
    }
  ],
  "candidates": [
    {
      "id": "terminal-theme",
      "spec": "npm:pi-terminal-theme@0.2.0",
      "mode": "trial",
      "owners": ["ui-theme"],
      "risk": ["theme-only"],
      "notes": "ANSI-first theme; lowest-intrusion UI candidate.",
      "audit": {
        "date": "2026-08-15",
        "integrity": "sha512-lAqHu1vqiWggOcBrSp6w/c8H3E1cPUjc4VBb/4FzCk4a/E9QGh8UAMngtVqinrABd/58ervWxn36S5TK8AsEOA==",
        "contents": ["themes/terminal.json", "themes/terminal-tinted.json"],
        "dependencies": 0,
        "lifecycleScripts": false,
        "startupSmoke": "PASS: pi -e npm:pi-terminal-theme@0.2.0 --no-session --no-context-files --no-skills --help"
      }
    },
    {
      "id": "firstpick-themes",
      "spec": "npm:@firstpick/pi-themes-bundle@0.1.6",
      "mode": "trial",
      "owners": ["ui-theme"],
      "risk": ["theme-only"],
      "notes": "Choose instead of another pure theme pack, not in addition to it."
    },
    {
      "id": "claude-code-tui",
      "spec": "npm:pi-claude-code-tui@0.1.13",
      "mode": "trial",
      "owners": ["ui", "editor"],
      "risk": ["editor-header-override"],
      "notes": "Keep Pi footer; test alone."
    },
    {
      "id": "mcp-adapter",
      "spec": "npm:pi-mcp-adapter@2.26.0",
      "mode": "project-only",
      "owners": ["mcp"],
      "risk": ["network", "child-process", "credentials"],
      "notes": "Install only with a concrete MCP server and tool allowlist."
    },
    {
      "id": "workspace-history",
      "spec": "npm:pi-workspace-history@0.2.2",
      "mode": "blocked",
      "owners": ["workspace-recovery"],
      "risk": ["old-mario-scope-peer"],
      "notes": "Peer metadata targets @mariozechner/pi-coding-agent; patch or reimplement before use."
    },
    {
      "id": "tool-display",
      "spec": "npm:pi-tool-display@0.5.0",
      "mode": "blocked",
      "owners": ["ui", "renderer"],
      "risk": ["old-pi-peer", "renderer-conflict"],
      "notes": "Peer range only declares Pi 0.80.x; do not enable on Pi 0.84 without adaptation."
    },
    {
      "id": "simplify",
      "spec": "npm:pi-simplify@0.2.3",
      "mode": "trial",
      "owners": ["review"],
      "risk": ["diff-edit", "test-execution"],
      "notes": "Narrow diff review/simplification candidate; trial in a disposable worktree.",
      "audit": {
        "date": "2026-08-15",
        "integrity": "sha512-9dxsXiGmO7DmjguC4Bk/lu7IYlYt0x1m2VneUpIGSQspx4BtshBgt+Vb8xvoxXc/Ugif7/sdwcbf7TgULqiSHg==",
        "peerScope": "@earendil-works",
        "directFileWrites": false,
        "hostCommands": ["git diff"],
        "startupSmoke": "PASS: pi -e npm:pi-simplify@0.2.3 --no-session --no-context-files --no-skills --help"
      }
    }
  ]
}
